# Generated by pub
# See https://dart.dev/tools/pub/glossary#lockfile
packages:
  async:
    dependency: transitive
    description:
      name: async
      sha256: "947bfcf187f74dbc5e146c9eb9c0f10c9f8b30743e341481c1e2ed3ecc18c20c"
      url: "https://pub.dev"
    source: hosted
    version: "2.11.0"
  boolean_selector:
    dependency: transitive
    description:
      name: boolean_selector
      sha256: "6cfb5af12253eaf2b368f07bacc5a80d1301a071c73360d746b7f2e32d762c66"
      url: "https://pub.dev"
    source: hosted
    version: "2.1.1"
  cached_network_image:
    dependency: "direct main"
    description:
      name: cached_network_image
      sha256: f98972704692ba679db144261172a8e20feb145636c617af0eb4022132a6797f
      url: "https://pub.dev"
    source: hosted
    version: "3.3.0"
  cached_network_image_platform_interface:
    dependency: transitive
    description:
      name: cached_network_image_platform_interface
      sha256: "56aa42a7a01e3c9db8456d9f3f999931f1e05535b5a424271e9a38cabf066613"
      url: "https://pub.dev"
    source: hosted
    version: "3.0.0"
  cached_network_image_web:
    dependency: transitive
    description:
      name: cached_network_image_web
      sha256: "759b9a9f8f6ccbb66c185df805fac107f05730b1dab9c64626d1008cca532257"
      url: "https://pub.dev"
    source: hosted
    version: "1.1.0"
  characters:
    dependency: transitive
    description:
      name: characters
      sha256: "04a925763edad70e8443c99234dc3328f442e811f1d8fd1a72f1c8ad0f69a605"
      url: "https://pub.dev"
    source: hosted
    version: "1.3.0"
  clock:
    dependency: transitive
    description:
      name: clock
      sha256: cb6d7f03e1de671e34607e909a7213e31d7752be4fb66a86d29fe1eb14bfb5cf
      url: "https://pub.dev"
    source: hosted
    version: "1.1.1"
  collection:
    dependency: transitive
    description:
      name: collection
      sha256: f092b211a4319e98e5ff58223576de6c2803db36221657b46c82574721240687
      url: "https://pub.dev"
    source: hosted
    version: "1.17.2"
  cookie_jar:
    dependency: "direct main"
    description:
      name: cookie_jar
      sha256: d1cc6516a190ba667941f722b6365d202caff3dacb38de24268b8d6ff1ec8a1d
      url: "https://pub.dev"
    source: hosted
    version: "3.0.1"
  crypto:
    dependency: transitive
    description:
      name: crypto
      sha256: ff625774173754681d66daaf4a448684fb04b78f902da9cb3d308c19cc5e8bab
      url: "https://pub.dev"
    source: hosted
    version: "3.0.3"
  cupertino_icons:
    dependency: "direct main"
    description:
      name: cupertino_icons
      sha256: d57953e10f9f8327ce64a508a355f0b1ec902193f66288e8cb5070e7c47eeb2d
      url: "https://pub.dev"
    source: hosted
    version: "1.0.6"
  dio:
    dependency: "direct main"
    description:
      name: dio
      sha256: "797e1e341c3dd2f69f2dad42564a6feff3bfb87187d05abb93b9609e6f1645c3"
      url: "https://pub.dev"
    source: hosted
    version: "5.4.0"
  dio_cookie_manager:
    dependency: "direct main"
    description:
      name: dio_cookie_manager
      sha256: b45f11c2fcbccf39c5952ab68910b3a155486c4fa730ceb4ce867c4943169ea1
      url: "https://pub.dev"
    source: hosted
    version: "2.1.4"
  fake_async:
    dependency: transitive
    description:
      name: fake_async
      sha256: "511392330127add0b769b75a987850d136345d9227c6b94c96a04cf4a391bf78"
      url: "https://pub.dev"
    source: hosted
    version: "1.3.1"
  ffi:
    dependency: transitive
    description:
      name: ffi
      sha256: "7bf0adc28a23d395f19f3f1eb21dd7cfd1dd9f8e1c50051c069122e6853bc878"
      url: "https://pub.dev"
    source: hosted
    version: "2.1.0"
  file:
    dependency: transitive
    description:
      name: file
      sha256: "5fc22d7c25582e38ad9a8515372cd9a93834027aacf1801cf01164dac0ffa08c"
      url: "https://pub.dev"
    source: hosted
    version: "7.0.0"
  flutter:
    dependency: "direct main"
    description: flutter
    source: sdk
    version: "0.0.0"
  flutter_bootstrap:
    dependency: "direct main"
    description:
      name: flutter_bootstrap
      sha256: "17323de93596dfa03a85bdf55c499338ea3dc365ade0a4bf723d9873104a29ee"
      url: "https://pub.dev"
    source: hosted
    version: "2.0.0"
  flutter_cache_manager:
    dependency: transitive
    description:
      name: flutter_cache_manager
      sha256: "8207f27539deb83732fdda03e259349046a39a4c767269285f449ade355d54ba"
      url: "https://pub.dev"
    source: hosted
    version: "3.3.1"
  flutter_lints:
    dependency: "direct dev"
    description:
      name: flutter_lints
      sha256: a25a15ebbdfc33ab1cd26c63a6ee519df92338a9c10f122adda92938253bef04
      url: "https://pub.dev"
    source: hosted
    version: "2.0.3"
  flutter_riverpod:
    dependency: "direct main"
    description:
      name: flutter_riverpod
      sha256: da9591d1f8d5881628ccd5c25c40e74fc3eef50ba45e40c3905a06e1712412d5
      url: "https://pub.dev"
    source: hosted
    version: "2.4.9"
  flutter_secure_storage:
    dependency: "direct main"
    description:
      name: flutter_secure_storage
      sha256: de957362e046bc68da8dcf6c1d922cb8bdad8dd4979ec69480cf1a3c481abe8e
      url: "https://pub.dev"
    source: hosted
    version: "6.1.0"
  flutter_secure_storage_linux:
    dependency: transitive
    description:
      name: flutter_secure_storage_linux
      sha256: "3d5032e314774ee0e1a7d0a9f5e2793486f0dff2dd9ef5a23f4e3fb2a0ae6a9e"
      url: "https://pub.dev"
    source: hosted
    version: "1.2.0"
  flutter_secure_storage_macos:
    dependency: transitive
    description:
      name: flutter_secure_storage_macos
      sha256: "388f76fd0f093e7415a39ec4c169ae7cceeee6d9f9ba529d788a13f2be4de7bd"
      url: "https://pub.dev"
    source: hosted
    version: "1.1.2"
  flutter_secure_storage_platform_interface:
    dependency: transitive
    description:
      name: flutter_secure_storage_platform_interface
      sha256: "0d4d3a5dd4db28c96ae414d7ba3b8422fd735a8255642774803b2532c9a61d7e"
      url: "https://pub.dev"
    source: hosted
    version: "1.0.2"
  flutter_secure_storage_web:
    dependency: transitive
    description:
      name: flutter_secure_storage_web
      sha256: "30f84f102df9dcdaa2241866a958c2ec976902ebdaa8883fbfe525f1f2f3cf20"
      url: "https://pub.dev"
    source: hosted
    version: "1.1.2"
  flutter_secure_storage_windows:
    dependency: transitive
    description:
      name: flutter_secure_storage_windows
      sha256: ca89c8059cf439985aa83c59619b3674c7ef6cc2e86943d169a7369d6a69cab5
      url: "https://pub.dev"
    source: hosted
    version: "1.1.3"
  flutter_test:
    dependency: "direct dev"
    description: flutter
    source: sdk
    version: "0.0.0"
  flutter_web_plugins:
    dependency: transitive
    description: flutter
    source: sdk
    version: "0.0.0"
  font_awesome_flutter:
    dependency: "direct main"
    description:
      name: font_awesome_flutter
      sha256: "52671aea66da73b58d42ec6d0912b727a42248dd9a7c76d6c20f275783c48c08"
      url: "https://pub.dev"
    source: hosted
    version: "10.6.0"
  go_router:
    dependency: "direct main"
    description:
      name: go_router
      sha256: bd7e671d26fd39c78cba82070fa34ef1f830b0e7ed1aeebccabc6561302a7ee5
      url: "https://pub.dev"
    source: hosted
    version: "6.5.9"
  http:
    dependency: "direct main"
    description:
      name: http
      sha256: "5895291c13fa8a3bd82e76d5627f69e0d85ca6a30dcac95c4ea19a5d555879c2"
      url: "https://pub.dev"
    source: hosted
    version: "0.13.6"
  http_parser:
    dependency: transitive
    description:
      name: http_parser
      sha256: "2aa08ce0341cc9b354a498388e30986515406668dbcc4f7c950c3e715496693b"
      url: "https://pub.dev"
    source: hosted
    version: "4.0.2"
  intl:
    dependency: transitive
    description:
      name: intl
      sha256: "3bc132a9dbce73a7e4a21a17d06e1878839ffbf975568bc875c60537824b0c4d"
      url: "https://pub.dev"
    source: hosted
    version: "0.18.1"
  js:
    dependency: transitive
    description:
      name: js
      sha256: f2c445dce49627136094980615a031419f7f3eb393237e4ecd97ac15dea343f3
      url: "https://pub.dev"
    source: hosted
    version: "0.6.7"
  lints:
    dependency: transitive
    description:
      name: lints
      sha256: "0a217c6c989d21039f1498c3ed9f3ed71b354e69873f13a8dfc3c9fe76f1b452"
      url: "https://pub.dev"
    source: hosted
    version: "2.1.1"
  logging:
    dependency: transitive
    description:
      name: logging
      sha256: "623a88c9594aa774443aa3eb2d41807a48486b5613e67599fb4c41c0ad47c340"
      url: "https://pub.dev"
    source: hosted
    version: "1.2.0"
  matcher:
    dependency: transitive
    description:
      name: matcher
      sha256: "1803e76e6653768d64ed8ff2e1e67bea3ad4b923eb5c56a295c3e634bad5960e"
      url: "https://pub.dev"
    source: hosted
    version: "0.12.16"
  material_color_utilities:
    dependency: transitive
    description:
      name: material_color_utilities
      sha256: "9528f2f296073ff54cb9fee677df673ace1218163c3bc7628093e7eed5203d41"
      url: "https://pub.dev"
    source: hosted
    version: "0.5.0"
  meta:
    dependency: transitive
    description:
      name: meta
      sha256: "3c74dbf8763d36539f114c799d8a2d87343b5067e9d796ca22b5eb8437090ee3"
      url: "https://pub.dev"
    source: hosted
    version: "1.9.1"
  mime:
    dependency: "direct main"
    description:
      name: mime
      sha256: e4ff8e8564c03f255408decd16e7899da1733852a9110a58fe6d1b817684a63e
      url: "https://pub.dev"
    source: hosted
    version: "1.0.4"
  nested_scroll_view_plus:
    dependency: "direct main"
    description:
      name: nested_scroll_view_plus
      sha256: "0ea1f0d1c43adc5ba769891eb4bacef6878053c2d383503f6365f29ec5b2d3cf"
      url: "https://pub.dev"
    source: hosted
    version: "1.0.2"
  octo_image:
    dependency: transitive
    description:
      name: octo_image
      sha256: "45b40f99622f11901238e18d48f5f12ea36426d8eced9f4cbf58479c7aa2430d"
      url: "https://pub.dev"
    source: hosted
    version: "2.0.0"
  path:
    dependency: transitive
    description:
      name: path
      sha256: "8829d8a55c13fc0e37127c29fedf290c102f4e40ae94ada574091fe0ff96c917"
      url: "https://pub.dev"
    source: hosted
    version: "1.8.3"
  path_provider:
    dependency: transitive
    description:
      name: path_provider
      sha256: a1aa8aaa2542a6bc57e381f132af822420216c80d4781f7aa085ca3229208aaa
      url: "https://pub.dev"
    source: hosted
    version: "2.1.1"
  path_provider_android:
    dependency: transitive
    description:
      name: path_provider_android
      sha256: e595b98692943b4881b219f0a9e3945118d3c16bd7e2813f98ec6e532d905f72
      url: "https://pub.dev"
    source: hosted
    version: "2.2.1"
  path_provider_foundation:
    dependency: transitive
    description:
      name: path_provider_foundation
      sha256: "19314d595120f82aca0ba62787d58dde2cc6b5df7d2f0daf72489e38d1b57f2d"
      url: "https://pub.dev"
    source: hosted
    version: "2.3.1"
  path_provider_linux:
    dependency: transitive
    description:
      name: path_provider_linux
      sha256: f7a1fe3a634fe7734c8d3f2766ad746ae2a2884abe22e241a8b301bf5cac3279
      url: "https://pub.dev"
    source: hosted
    version: "2.2.1"
  path_provider_platform_interface:
    dependency: transitive
    description:
      name: path_provider_platform_interface
      sha256: "94b1e0dd80970c1ce43d5d4e050a9918fce4f4a775e6142424c30a29a363265c"
      url: "https://pub.dev"
    source: hosted
    version: "2.1.1"
  path_provider_windows:
    dependency: transitive
    description:
      name: path_provider_windows
      sha256: "8bc9f22eee8690981c22aa7fc602f5c85b497a6fb2ceb35ee5a5e5ed85ad8170"
      url: "https://pub.dev"
    source: hosted
    version: "2.2.1"
  platform:
    dependency: transitive
    description:
      name: platform
      sha256: "0a279f0707af40c890e80b1e9df8bb761694c074ba7e1d4ab1bc4b728e200b59"
      url: "https://pub.dev"
    source: hosted
    version: "3.1.3"
  plugin_platform_interface:
    dependency: transitive
    description:
      name: plugin_platform_interface
      sha256: f4f88d4a900933e7267e2b353594774fc0d07fb072b47eedcd5b54e1ea3269f8
      url: "https://pub.dev"
    source: hosted
    version: "2.1.7"
  pluto_grid:
    dependency: "direct main"
    description:
      name: pluto_grid
      sha256: "250da7c2cf5d0224d5cee9f2aa7509bbf8b9c3a73681b8cf31629f297ffd8529"
      url: "https://pub.dev"
    source: hosted
    version: "6.0.4"
  pretty_dio_logger:
    dependency: "direct main"
    description:
      name: pretty_dio_logger
      sha256: "00b80053063935cf9a6190da344c5373b9d0e92da4c944c878ff2fbef0ef6dc2"
      url: "https://pub.dev"
    source: hosted
    version: "1.3.1"
  riverpod:
    dependency: transitive
    description:
      name: riverpod
      sha256: "942999ee48b899f8a46a860f1e13cee36f2f77609eb54c5b7a669bb20d550b11"
      url: "https://pub.dev"
    source: hosted
    version: "2.4.9"
  rxdart:
    dependency: transitive
    description:
      name: rxdart
      sha256: "0c7c0cedd93788d996e33041ffecda924cc54389199cde4e6a34b440f50044cb"
      url: "https://pub.dev"
    source: hosted
    version: "0.27.7"
  sky_engine:
    dependency: transitive
    description: flutter
    source: sdk
    version: "0.0.99"
  source_span:
    dependency: transitive
    description:
      name: source_span
      sha256: "53e943d4206a5e30df338fd4c6e7a077e02254531b138a15aec3bd143c1a8b3c"
      url: "https://pub.dev"
    source: hosted
    version: "1.10.0"
  sprintf:
    dependency: transitive
    description:
      name: sprintf
      sha256: "1fc9ffe69d4df602376b52949af107d8f5703b77cda567c4d7d86a0693120f23"
      url: "https://pub.dev"
    source: hosted
    version: "7.0.0"
  sqflite:
    dependency: transitive
    description:
      name: sqflite
      sha256: "591f1602816e9c31377d5f008c2d9ef7b8aca8941c3f89cc5fd9d84da0c38a9a"
      url: "https://pub.dev"
    source: hosted
    version: "2.3.0"
  sqflite_common:
    dependency: transitive
    description:
      name: sqflite_common
      sha256: bb4738f15b23352822f4c42a531677e5c6f522e079461fd240ead29d8d8a54a6
      url: "https://pub.dev"
    source: hosted
    version: "2.5.0+2"
  stack_trace:
    dependency: transitive
    description:
      name: stack_trace
      sha256: c3c7d8edb15bee7f0f74debd4b9c5f3c2ea86766fe4178eb2a18eb30a0bdaed5
      url: "https://pub.dev"
    source: hosted
    version: "1.11.0"
  state_notifier:
    dependency: transitive
    description:
      name: state_notifier
      sha256: b8677376aa54f2d7c58280d5a007f9e8774f1968d1fb1c096adcb4792fba29bb
      url: "https://pub.dev"
    source: hosted
    version: "1.0.0"
  stream_channel:
    dependency: transitive
    description:
      name: stream_channel
      sha256: "83615bee9045c1d322bbbd1ba209b7a749c2cbcdcb3fdd1df8eb488b3279c1c8"
      url: "https://pub.dev"
    source: hosted
    version: "2.1.1"
  string_scanner:
    dependency: transitive
    description:
      name: string_scanner
      sha256: "556692adab6cfa87322a115640c11f13cb77b3f076ddcc5d6ae3c20242bedcde"
      url: "https://pub.dev"
    source: hosted
    version: "1.2.0"
  synchronized:
    dependency: transitive
    description:
      name: synchronized
      sha256: "539ef412b170d65ecdafd780f924e5be3f60032a1128df156adad6c5b373d558"
      url: "https://pub.dev"
    source: hosted
    version: "3.1.0+1"
  term_glyph:
    dependency: transitive
    description:
      name: term_glyph
      sha256: a29248a84fbb7c79282b40b8c72a1209db169a2e0542bce341da992fe1bc7e84
      url: "https://pub.dev"
    source: hosted
    version: "1.2.1"
  test_api:
    dependency: transitive
    description:
      name: test_api
      sha256: "75760ffd7786fffdfb9597c35c5b27eaeec82be8edfb6d71d32651128ed7aab8"
      url: "https://pub.dev"
    source: hosted
    version: "0.6.0"
  transparent_image:
    dependency: "direct main"
    description:
      name: transparent_image
      sha256: e8991d955a2094e197ca24c645efec2faf4285772a4746126ca12875e54ca02f
      url: "https://pub.dev"
    source: hosted
    version: "2.0.1"
  typed_data:
    dependency: transitive
    description:
      name: typed_data
      sha256: facc8d6582f16042dd49f2463ff1bd6e2c9ef9f3d5da3d9b087e244a7b564b3c
      url: "https://pub.dev"
    source: hosted
    version: "1.3.2"
  uuid:
    dependency: transitive
    description:
      name: uuid
      sha256: "22c94e5ad1e75f9934b766b53c742572ee2677c56bc871d850a57dad0f82127f"
      url: "https://pub.dev"
    source: hosted
    version: "4.2.2"
  vector_math:
    dependency: transitive
    description:
      name: vector_math
      sha256: "80b3257d1492ce4d091729e3a67a60407d227c27241d6927be0130c98e741803"
      url: "https://pub.dev"
    source: hosted
    version: "2.1.4"
  web:
    dependency: transitive
    description:
      name: web
      sha256: dc8ccd225a2005c1be616fe02951e2e342092edf968cf0844220383757ef8f10
      url: "https://pub.dev"
    source: hosted
    version: "0.1.4-beta"
  win32:
    dependency: transitive
    description:
      name: win32
      sha256: "350a11abd2d1d97e0cc7a28a81b781c08002aa2864d9e3f192ca0ffa18b06ed3"
      url: "https://pub.dev"
    source: hosted
    version: "5.0.9"
  xdg_directories:
    dependency: transitive
    description:
      name: xdg_directories
      sha256: "589ada45ba9e39405c198fe34eb0f607cddb2108527e658136120892beac46d2"
      url: "https://pub.dev"
    source: hosted
    version: "1.0.3"
sdks:
  dart: ">=3.1.0-185.0.dev <4.0.0"
  flutter: ">=3.10.0"
